
Microsoft Visual Studio Solution File, Format Version 12.00
# Visual Studio Version 16
VisualStudioVersion = 16.0.29318.209
MinimumVisualStudioVersion = 10.0.40219.1
Project("{FAE04EC0-301F-11D3-BF4B-00C04F79EFBC}") = "IncomeTaxCalculator", "IncomeTaxCalculator\IncomeTaxCalculator.csproj", "{00FCC58F-78DF-4D41-8645-644F6217ABFE}"
EndProject
Global
	GlobalSection(SolutionConfigurationPlatforms) = preSolution
		Debug|Any CPU = Debug|Any CPU
		Release|Any CPU = Release|Any CPU
	EndGlobalSection
	GlobalSection(ProjectConfigurationPlatforms) = postSolution
		{00FCC58F-78DF-4D41-8645-644F6217ABFE}.Debug|Any CPU.ActiveCfg = Debug|Any CPU
		{00FCC58F-78DF-4D41-8645-644F6217ABFE}.Debug|Any CPU.Build.0 = Debug|Any CPU
		{00FCC58F-78DF-4D41-8645-644F6217ABFE}.Release|Any CPU.ActiveCfg = Release|Any CPU
		{00FCC58F-78DF-4D41-8645-644F6217ABFE}.Release|Any CPU.Build.0 = Release|Any CPU
	EndGlobalSection
	GlobalSection(SolutionProperties) = preSolution
		HideSolutionNode = FALSE
	EndGlobalSection
	GlobalSection(ExtensibilityGlobals) = postSolution
		SolutionGuid = {8B5BAB05-AE1E-478D-8C81-7824F5795C10}
	EndGlobalSection
EndGlobal
